// !$*UTF8*$!
{
	archiveVersion = 1;
	classes = {
	};
	objectVersion = 46;
	objects = {

/* Begin PBXBuildFile section */
		3DC18BCF1A8A81FF0098E869 /* CCTableViewController.m in Sources */ = {isa = PBXBuildFile; fileRef = 3DC18BCE1A8A81FF0098E869 /* CCTableViewController.m */; };
		3DC893791A8A7CD1004A8399 /* main.m in Sources */ = {isa = PBXBuildFile; fileRef = 3DC893781A8A7CD1004A8399 /* main.m */; };
		3DC8937C1A8A7CD1004A8399 /* AppDelegate.m in Sources */ = {isa = PBXBuildFile; fileRef = 3DC8937B1A8A7CD1004A8399 /* AppDelegate.m */; };
		3DC8937F1A8A7CD1004A8399 /* ViewController.m in Sources */ = {isa = PBXBuildFile; fileRef = 3DC8937E1A8A7CD1004A8399 /* ViewController.m */; };
		3DC893821A8A7CD1004A8399 /* Main.storyboard in Resources */ = {isa = PBXBuildFile; fileRef = 3DC893801A8A7CD1004A8399 /* Main.storyboard */; };
		3DC893841A8A7CD1004A8399 /* Images.xcassets in Resources */ = {isa = PBXBuildFile; fileRef = 3DC893831A8A7CD1004A8399 /* Images.xcassets */; };
		3DC893871A8A7CD1004A8399 /* LaunchScreen.xib in Resources */ = {isa = PBXBuildFile; fileRef = 3DC893851A8A7CD1004A8399 /* LaunchScreen.xib */; };
		3DC893931A8A7CD1004A8399 /* UITableViewControllerCharengeSolutionTests.m in Sources */ = {isa = PBXBuildFile; fileRef = 3DC893921A8A7CD1004A8399 /* UITableViewControllerCharengeSolutionTests.m */; };
/* End PBXBuildFile section */

/* Begin PBXContainerItemProxy section */
		3DC8938D1A8A7CD1004A8399 /* PBXContainerItemProxy */ = {
			isa = PBXContainerItemProxy;
			containerPortal = 3DC8936B1A8A7CD0004A8399 /* Project object */;
			proxyType = 1;
			remoteGlobalIDString = 3DC893721A8A7CD0004A8399;
			remoteInfo = UITableViewControllerCharengeSolution;
		};
/* End PBXContainerItemProxy section */

/* Begin PBXFileReference section */
		3DC18BCD1A8A81FF0098E869 /* CCTableViewController.h */ = {isa = PBXFileReference; fileEncoding = 4; lastKnownFileType = sourcecode.c.h; path = CCTableViewController.h; sourceTree = "<group>"; };
		3DC18BCE1A8A81FF0098E869 /* CCTableViewController.m */ = {isa = PBXFileReference; fileEncoding = 4; lastKnownFileType = sourcecode.c.objc; path = CCTableViewController.m; sourceTree = "<group>"; };
		3DC893731A8A7CD1004A8399 /* UITableViewControllerCharengeSolution.app */ = {isa = PBXFileReference; explicitFileType = wrapper.application; includeInIndex = 0; path = UITableViewControllerCharengeSolution.app; sourceTree = BUILT_PRODUCTS_DIR; };
		3DC893771A8A7CD1004A8399 /* Info.plist */ = {isa = PBXFileReference; lastKnownFileType = text.plist.xml; path = Info.plist; sourceTree = "<group>"; };
		3DC893781A8A7CD1004A8399 /* main.m */ = {isa = PBXFileReference; lastKnownFileType = sourcecode.c.objc; path = main.m; sourceTree = "<group>"; };
		3DC8937A1A8A7CD1004A8399 /* AppDelegate.h */ = {isa = PBXFileReference; lastKnownFileType = sourcecode.c.h; path = AppDelegate.h; sourceTree = "<group>"; };
		3DC8937B1A8A7CD1004A8399 /* AppDelegate.m */ = {isa = PBXFileReference; lastKnownFileType = sourcecode.c.objc; path = AppDelegate.m; sourceTree = "<group>"; };
		3DC8937D1A8A7CD1004A8399 /* ViewController.h */ = {isa = PBXFileReference; lastKnownFileType = sourcecode.c.h; path = ViewController.h; sourceTree = "<group>"; };
		3DC8937E1A8A7CD1004A8399 /* ViewController.m */ = {isa = PBXFileReference; lastKnownFileType = sourcecode.c.objc; path = ViewController.m; sourceTree = "<group>"; };
		3DC893811A8A7CD1004A8399 /* Base */ = {isa = PBXFileReference; lastKnownFileType = file.storyboard; name = Base; path = Base.lproj/Main.storyboard; sourceTree = "<group>"; };
		3DC893831A8A7CD1004A8399 /* Images.xcassets */ = {isa = PBXFileReference; lastKnownFileType = folder.assetcatalog; path = Images.xcassets; sourceTree = "<group>"; };
		3DC893861A8A7CD1004A8399 /* Base */ = {isa = PBXFileReference; lastKnownFileType = file.xib; name = Base; path = Base.lproj/LaunchScreen.xib; sourceTree = "<group>"; };
		3DC8938C1A8A7CD1004A8399 /* UITableViewControllerCharengeSolutionTests.xctest */ = {isa = PBXFileReference; explicitFileType = wrapper.cfbundle; includeInIndex = 0; path = UITableViewControllerCharengeSolutionTests.xctest; sourceTree = BUILT_PRODUCTS_DIR; };
		3DC893911A8A7CD1004A8399 /* Info.plist */ = {isa = PBXFileReference; lastKnownFileType = text.plist.xml; path = Info.plist; sourceTree = "<group>"; };
		3DC893921A8A7CD1004A8399 /* UITableViewControllerCharengeSolutionTests.m */ = {isa = PBXFileReference; lastKnownFileType = sourcecode.c.objc; path = UITableViewControllerCharengeSolutionTests.m; sourceTree = "<group>"; };
/* End PBXFileReference section */

/* Begin PBXFrameworksBuildPhase section */
		3DC893701A8A7CD0004A8399 /* Frameworks */ = {
			isa = PBXFrameworksBuildPhase;
			buildActionMask = 2147483647;
			files = (
			);
			runOnlyForDeploymentPostprocessing = 0;
		};
		3DC893891A8A7CD1004A8399 /* Frameworks */ = {
			isa = PBXFrameworksBuildPhase;
			buildActionMask = 2147483647;
			files = (
			);
			runOnlyForDeploymentPostprocessing = 0;
		};
/* End PBXFrameworksBuildPhase section */

/* Begin PBXGroup section */
		3DC8936A1A8A7CD0004A8399 = {
			isa = PBXGroup;
			children = (
				3DC893751A8A7CD1004A8399 /* UITableViewControllerCharengeSolution */,
				3DC8938F1A8A7CD1004A8399 /* UITableViewControllerCharengeSolutionTests */,
				3DC893741A8A7CD1004A8399 /* Products */,
			);
			sourceTree = "<group>";
		};
		3DC893741A8A7CD1004A8399 /* Products */ = {
			isa = PBXGroup;
			children = (
				3DC893731A8A7CD1004A8399 /* UITableViewControllerCharengeSolution.app */,
				3DC8938C1A8A7CD1004A8399 /* UITableViewControllerCharengeSolutionTests.xctest */,
			);
			name = Products;
			sourceTree = "<group>";
		};
		3DC893751A8A7CD1004A8399 /* UITableViewControllerCharengeSolution */ = {
			isa = PBXGroup;
			children = (
				3DC8937A1A8A7CD1004A8399 /* AppDelegate.h */,
				3DC8937B1A8A7CD1004A8399 /* AppDelegate.m */,
				3DC8937D1A8A7CD1004A8399 /* ViewController.h */,
				3DC8937E1A8A7CD1004A8399 /* ViewController.m */,
				3DC893801A8A7CD1004A8399 /* Main.storyboard */,
				3DC18BCD1A8A81FF0098E869 /* CCTableViewController.h */,
				3DC18BCE1A8A81FF0098E869 /* CCTableViewController.m */,
				3DC893831A8A7CD1004A8399 /* Images.xcassets */,
				3DC893851A8A7CD1004A8399 /* LaunchScreen.xib */,
				3DC893761A8A7CD1004A8399 /* Supporting Files */,
			);
			path = UITableViewControllerCharengeSolution;
			sourceTree = "<group>";
		};
		3DC893761A8A7CD1004A8399 /* Supporting Files */ = {
			isa = PBXGroup;
			children = (
				3DC893771A8A7CD1004A8399 /* Info.plist */,
				3DC893781A8A7CD1004A8399 /* main.m */,
			);
			name = "Supporting Files";
			sourceTree = "<group>";
		};
		3DC8938F1A8A7CD1004A8399 /* UITableViewControllerCharengeSolutionTests */ = {
			isa = PBXGroup;
			children = (
				3DC893921A8A7CD1004A8399 /* UITableViewControllerCharengeSolutionTests.m */,
				3DC893901A8A7CD1004A8399 /* Supporting Files */,
			);
			path = UITableViewControllerCharengeSolutionTests;
			sourceTree = "<group>";
		};
		3DC893901A8A7CD1004A8399 /* Supporting Files */ = {
			isa = PBXGroup;
			children = (
				3DC893911A8A7CD1004A8399 /* Info.plist */,
			);
			name = "Supporting Files";
			sourceTree = "<group>";
		};
/* End PBXGroup section */

/* Begin PBXNativeTarget section */
		3DC893721A8A7CD0004A8399 /* UITableViewControllerCharengeSolution */ = {
			isa = PBXNativeTarget;
			buildConfigurationList = 3DC893961A8A7CD1004A8399 /* Build configuration list for PBXNativeTarget "UITableViewControllerCharengeSolution" */;
			buildPhases = (
				3DC8936F1A8A7CD0004A8399 /* Sources */,
				3DC893701A8A7CD0004A8399 /* Frameworks */,
				3DC893711A8A7CD0004A8399 /* Resources */,
			);
			buildRules = (
			);
			dependencies = (
			);
			name = UITableViewControllerCharengeSolution;
			productName = UITableViewControllerCharengeSolution;
			productReference = 3DC893731A8A7CD1004A8399 /* UITableViewControllerCharengeSolution.app */;
			productType = "com.apple.product-type.application";
		};
		3DC8938B1A8A7CD1004A8399 /* UITableViewControllerCharengeSolutionTests */ = {
			isa = PBXNativeTarget;
			buildConfigurationList = 3DC893991A8A7CD1004A8399 /* Build configuration list for PBXNativeTarget "UITableViewControllerCharengeSolutionTests" */;
			buildPhases = (
				3DC893881A8A7CD1004A8399 /* Sources */,
				3DC893891A8A7CD1004A8399 /* Frameworks */,
				3DC8938A1A8A7CD1004A8399 /* Resources */,
			);
			buildRules = (
			);
			dependencies = (
				3DC8938E1A8A7CD1004A8399 /* PBXTargetDependency */,
			);
			name = UITableViewControllerCharengeSolutionTests;
			productName = UITableViewControllerCharengeSolutionTests;
			productReference = 3DC8938C1A8A7CD1004A8399 /* UITableViewControllerCharengeSolutionTests.xctest */;
			productType = "com.apple.product-type.bundle.unit-test";
		};
/* End PBXNativeTarget section */

/* Begin PBXProject section */
		3DC8936B1A8A7CD0004A8399 /* Project object */ = {
			isa = PBXProject;
			attributes = {
				LastUpgradeCheck = 0610;
				ORGANIZATIONNAME = Photkeerati;
				TargetAttributes = {
					3DC893721A8A7CD0004A8399 = {
						CreatedOnToolsVersion = 6.1.1;
					};
					3DC8938B1A8A7CD1004A8399 = {
						CreatedOnToolsVersion = 6.1.1;
						TestTargetID = 3DC893721A8A7CD0004A8399;
					};
				};
			};
			buildConfigurationList = 3DC8936E1A8A7CD0004A8399 /* Build configuration list for PBXProject "UITableViewControllerCharengeSolution" */;
			compatibilityVersion = "Xcode 3.2";
			developmentRegion = English;
			hasScannedForEncodings = 0;
			knownRegions = (
				en,
				Base,
			);
			mainGroup = 3DC8936A1A8A7CD0004A8399;
			productRefGroup = 3DC893741A8A7CD1004A8399 /* Products */;
			projectDirPath = "";
			projectRoot = "";
			targets = (
				3DC893721A8A7CD0004A8399 /* UITableViewControllerCharengeSolution */,
				3DC8938B1A8A7CD1004A8399 /* UITableViewControllerCharengeSolutionTests */,
			);
		};
/* End PBXProject section */

/* Begin PBXResourcesBuildPhase section */
		3DC893711A8A7CD0004A8399 /* Resources */ = {
			isa = PBXResourcesBuildPhase;
			buildActionMask = 2147483647;
			files = (
				3DC893821A8A7CD1004A8399 /* Main.storyboard in Resources */,
				3DC893871A8A7CD1004A8399 /* LaunchScreen.xib in Resources */,
				3DC893841A8A7CD1004A8399 /* Images.xcassets in Resources */,
			);
			runOnlyForDeploymentPostprocessing = 0;
		};
		3DC8938A1A8A7CD1004A8399 /* Resources */ = {
			isa = PBXResourcesBuildPhase;
			buildActionMask = 2147483647;
			files = (
			);
			runOnlyForDeploymentPostprocessing = 0;
		};
/* End PBXResourcesBuildPhase section */

/* Begin PBXSourcesBuildPhase section */
		3DC8936F1A8A7CD0004A8399 /* Sources */ = {
			isa = PBXSourcesBuildPhase;
			buildActionMask = 2147483647;
			files = (
				3DC8937F1A8A7CD1004A8399 /* ViewController.m in Sources */,
				3DC8937C1A8A7CD1004A8399 /* AppDelegate.m in Sources */,
				3DC893791A8A7CD1004A8399 /* main.m in Sources */,
				3DC18BCF1A8A81FF0098E869 /* CCTableViewController.m in Sources */,
			);
			runOnlyForDeploymentPostprocessing = 0;
		};
		3DC893881A8A7CD1004A8399 /* Sources */ = {
			isa = PBXSourcesBuildPhase;
			buildActionMask = 2147483647;
			files = (
				3DC893931A8A7CD1004A8399 /* UITableViewControllerCharengeSolutionTests.m in Sources */,
			);
			runOnlyForDeploymentPostprocessing = 0;
		};
/* End PBXSourcesBuildPhase section */

/* Begin PBXTargetDependency section */
		3DC8938E1A8A7CD1004A8399 /* PBXTargetDependency */ = {
			isa = PBXTargetDependency;
			target = 3DC893721A8A7CD0004A8399 /* UITableViewControllerCharengeSolution */;
			targetProxy = 3DC8938D1A8A7CD1004A8399 /* PBXContainerItemProxy */;
		};
/* End PBXTargetDependency section */

/* Begin PBXVariantGroup section */
		3DC893801A8A7CD1004A8399 /* Main.storyboard */ = {
			isa = PBXVariantGroup;
			children = (
				3DC893811A8A7CD1004A8399 /* Base */,
			);
			name = Main.storyboard;
			sourceTree = "<group>";
		};
		3DC893851A8A7CD1004A8399 /* LaunchScreen.xib */ = {
			isa = PBXVariantGroup;
			children = (
				3DC893861A8A7CD1004A8399 /* Base */,
			);
			name = LaunchScreen.xib;
			sourceTree = "<group>";
		};
/* End PBXVariantGroup section */

/* Begin XCBuildConfiguration section */
		3DC893941A8A7CD1004A8399 /* Debug */ = {
			isa = XCBuildConfiguration;
			buildSettings = {
				ALWAYS_SEARCH_USER_PATHS = NO;
				CLANG_CXX_LANGUAGE_STANDARD = "gnu++0x";
				CLANG_CXX_LIBRARY = "libc++";
				CLANG_ENABLE_MODULES = YES;
				CLANG_ENABLE_OBJC_ARC = YES;
				CLANG_WARN_BOOL_CONVERSION = YES;
				CLANG_WARN_CONSTANT_CONVERSION = YES;
				CLANG_WARN_DIRECT_OBJC_ISA_USAGE = YES_ERROR;
				CLANG_WARN_EMPTY_BODY = YES;
				CLANG_WARN_ENUM_CONVERSION = YES;
				CLANG_WARN_INT_CONVERSION = YES;
				CLANG_WARN_OBJC_ROOT_CLASS = YES_ERROR;
				CLANG_WARN_UNREACHABLE_CODE = YES;
				CLANG_WARN__DUPLICATE_METHOD_MATCH = YES;
				"CODE_SIGN_IDENTITY[sdk=iphoneos*]" = "iPhone Developer";
				COPY_PHASE_STRIP = NO;
				ENABLE_STRICT_OBJC_MSGSEND = YES;
				GCC_C_LANGUAGE_STANDARD = gnu99;
				GCC_DYNAMIC_NO_PIC = NO;
				GCC_OPTIMIZATION_LEVEL = 0;
				GCC_PREPROCESSOR_DEFINITIONS = (
					"DEBUG=1",
					"$(inherited)",
				);
				GCC_SYMBOLS_PRIVATE_EXTERN = NO;
				GCC_WARN_64_TO_32_BIT_CONVERSION = YES;
				GCC_WARN_ABOUT_RETURN_TYPE = YES_ERROR;
				GCC_WARN_UNDECLARED_SELECTOR = YES;
				GCC_WARN_UNINITIALIZED_AUTOS = YES_AGGRESSIVE;
				GCC_WARN_UNUSED_FUNCTION = YES;
				GCC_WARN_UNUSED_VARIABLE = YES;
				IPHONEOS_DEPLOYMENT_TARGET = 8.1;
				MTL_ENABLE_DEBUG_INFO = YES;
				ONLY_ACTIVE_ARCH = YES;
				SDKROOT = iphoneos;
				TARGETED_DEVICE_FAMILY = "1,2";
			};
			name = Debug;
		};
		3DC893951A8A7CD1004A8399 /* Release */ = {
			isa = XCBuildConfiguration;
			buildSettings = {
				ALWAYS_SEARCH_USER_PATHS = NO;
				CLANG_CXX_LANGUAGE_STANDARD = "gnu++0x";
				CLANG_CXX_LIBRARY = "libc++";
				CLANG_ENABLE_MODULES = YES;
				CLANG_ENABLE_OBJC_ARC = YES;
				CLANG_WARN_BOOL_CONVERSION = YES;
				CLANG_WARN_CONSTANT_CONVERSION = YES;
				CLANG_WARN_DIRECT_OBJC_ISA_USAGE = YES_ERROR;
				CLANG_WARN_EMPTY_BODY = YES;
				CLANG_WARN_ENUM_CONVERSION = YES;
				CLANG_WARN_INT_CONVERSION = YES;
				CLANG_WARN_OBJC_ROOT_CLASS = YES_ERROR;
				CLANG_WARN_UNREACHABLE_CODE = YES;
				CLANG_WARN__DUPLICATE_METHOD_MATCH = YES;
				"CODE_SIGN_IDENTITY[sdk=iphoneos*]" = "iPhone Developer";
				COPY_PHASE_STRIP = YES;
				ENABLE_NS_ASSERTIONS = NO;
				ENABLE_STRICT_OBJC_MSGSEND = YES;
				GCC_C_LANGUAGE_STANDARD = gnu99;
				GCC_WARN_64_TO_32_BIT_CONVERSION = YES;
				GCC_WARN_ABOUT_RETURN_TYPE = YES_ERROR;
				GCC_WARN_UNDECLARED_SELECTOR = YES;
				GCC_WARN_UNINITIALIZED_AUTOS = YES_AGGRESSIVE;
				GCC_WARN_UNUSED_FUNCTION = YES;
				GCC_WARN_UNUSED_VARIABLE = YES;
				IPHONEOS_DEPLOYMENT_TARGET = 8.1;
				MTL_ENABLE_DEBUG_INFO = NO;
				SDKROOT = iphoneos;
				TARGETED_DEVICE_FAMILY = "1,2";
				VALIDATE_PRODUCT = YES;
			};
			name = Release;
		};
		3DC893971A8A7CD1004A8399 /* Debug */ = {
			isa = XCBuildConfiguration;
			buildSettings = {
				ASSETCATALOG_COMPILER_APPICON_NAME = AppIcon;
				INFOPLIST_FILE = UITableViewControllerCharengeSolution/Info.plist;
				LD_RUNPATH_SEARCH_PATHS = "$(inherited) @executable_path/Frameworks";
				PRODUCT_NAME = "$(TARGET_NAME)";
			};
			name = Debug;
		};
		3DC893981A8A7CD1004A8399 /* Release */ = {
			isa = XCBuildConfiguration;
			buildSettings = {
				ASSETCATALOG_COMPILER_APPICON_NAME = AppIcon;
				INFOPLIST_FILE = UITableViewControllerCharengeSolution/Info.plist;
				LD_RUNPATH_SEARCH_PATHS = "$(inherited) @executable_path/Frameworks";
				PRODUCT_NAME = "$(TARGET_NAME)";
			};
			name = Release;
		};
		3DC8939A1A8A7CD1004A8399 /* Debug */ = {
			isa = XCBuildConfiguration;
			buildSettings = {
				BUNDLE_LOADER = "$(TEST_HOST)";
				FRAMEWORK_SEARCH_PATHS = (
					"$(SDKROOT)/Developer/Library/Frameworks",
					"$(inherited)",
				);
				GCC_PREPROCESSOR_DEFINITIONS = (
					"DEBUG=1",
					"$(inherited)",
				);
				INFOPLIST_FILE = UITableViewControllerCharengeSolutionTests/Info.plist;
				LD_RUNPATH_SEARCH_PATHS = "$(inherited) @executable_path/Frameworks @loader_path/Frameworks";
				PRODUCT_NAME = "$(TARGET_NAME)";
				TEST_HOST = "$(BUILT_PRODUCTS_DIR)/UITableViewControllerCharengeSolution.app/UITableViewControllerCharengeSolution";
			};
			name = Debug;
		};
		3DC8939B1A8A7CD1004A8399 /* Release */ = {
			isa = XCBuildConfiguration;
			buildSettings = {
				BUNDLE_LOADER = "$(TEST_HOST)";
				FRAMEWORK_SEARCH_PATHS = (
					"$(SDKROOT)/Developer/Library/Frameworks",
					"$(inherited)",
				);
				INFOPLIST_FILE = UITableViewControllerCharengeSolutionTests/Info.plist;
				LD_RUNPATH_SEARCH_PATHS = "$(inherited) @executable_path/Frameworks @loader_path/Frameworks";
				PRODUCT_NAME = "$(TARGET_NAME)";
				TEST_HOST = "$(BUILT_PRODUCTS_DIR)/UITableViewControllerCharengeSolution.app/UITableViewControllerCharengeSolution";
			};
			name = Release;
		};
/* End XCBuildConfiguration section */

/* Begin XCConfigurationList section */
		3DC8936E1A8A7CD0004A8399 /* Build configuration list for PBXProject "UITableViewControllerCharengeSolution" */ = {
			isa = XCConfigurationList;
			buildConfigurations = (
				3DC893941A8A7CD1004A8399 /* Debug */,
				3DC893951A8A7CD1004A8399 /* Release */,
			);
			defaultConfigurationIsVisible = 0;
			defaultConfigurationName = Release;
		};
		3DC893961A8A7CD1004A8399 /* Build configuration list for PBXNativeTarget "UITableViewControllerCharengeSolution" */ = {
			isa = XCConfigurationList;
			buildConfigurations = (
				3DC893971A8A7CD1004A8399 /* Debug */,
				3DC893981A8A7CD1004A8399 /* Release */,
			);
			defaultConfigurationIsVisible = 0;
			defaultConfigurationName = Release;
		};
		3DC893991A8A7CD1004A8399 /* Build configuration list for PBXNativeTarget "UITableViewControllerCharengeSolutionTests" */ = {
			isa = XCConfigurationList;
			buildConfigurations = (
				3DC8939A1A8A7CD1004A8399 /* Debug */,
				3DC8939B1A8A7CD1004A8399 /* Release */,
			);
			defaultConfigurationIsVisible = 0;
			defaultConfigurationName = Release;
		};
/* End XCConfigurationList section */
	};
	rootObject = 3DC8936B1A8A7CD0004A8399 /* Project object */;
}
